
Microsoft Visual Studio Solution File, Format Version 12.00
# Visual Studio 15
VisualStudioVersion = 15.0.28010.2050
MinimumVisualStudioVersion = 10.0.40219.1
Project("{FAE04EC0-301F-11D3-BF4B-00C04F79EFBC}") = "JSON", "Bongo_Test_Solution\JSON.csproj", "{F92BC965-F510-4B1C-A4E8-312D36E9CB76}"
EndProject
Project("{FAE04EC0-301F-11D3-BF4B-00C04F79EFBC}") = "Tree", "TreeSolution\Tree.csproj", "{0E30D340-DF11-4E76-8E4F-55481DE4A141}"
EndProject
Global
	GlobalSection(SolutionConfigurationPlatforms) = preSolution
		Debug|Any CPU = Debug|Any CPU
		Release|Any CPU = Release|Any CPU
	EndGlobalSection
	GlobalSection(ProjectConfigurationPlatforms) = postSolution
		{F92BC965-F510-4B1C-A4E8-312D36E9CB76}.Debug|Any CPU.ActiveCfg = Debug|Any CPU
		{F92BC965-F510-4B1C-A4E8-312D36E9CB76}.Debug|Any CPU.Build.0 = Debug|Any CPU
		{F92BC965-F510-4B1C-A4E8-312D36E9CB76}.Release|Any CPU.ActiveCfg = Release|Any CPU
		{F92BC965-F510-4B1C-A4E8-312D36E9CB76}.Release|Any CPU.Build.0 = Release|Any CPU
		{0E30D340-DF11-4E76-8E4F-55481DE4A141}.Debug|Any CPU.ActiveCfg = Debug|Any CPU
		{0E30D340-DF11-4E76-8E4F-55481DE4A141}.Debug|Any CPU.Build.0 = Debug|Any CPU
		{0E30D340-DF11-4E76-8E4F-55481DE4A141}.Release|Any CPU.ActiveCfg = Release|Any CPU
		{0E30D340-DF11-4E76-8E4F-55481DE4A141}.Release|Any CPU.Build.0 = Release|Any CPU
	EndGlobalSection
	GlobalSection(SolutionProperties) = preSolution
		HideSolutionNode = FALSE
	EndGlobalSection
	GlobalSection(ExtensibilityGlobals) = postSolution
		SolutionGuid = {30D29025-AC31-48A9-BA37-87B29335C351}
	EndGlobalSection
EndGlobal
